// !$*UTF8*$!
{
	archiveVersion = 1;
	classes = {
	};
	objectVersion = 50;
	objects = {

/* Begin PBXBuildFile section */
		7917224A21937F4B00EAC698 /* AppDelegate.m in Sources */ = {isa = PBXBuildFile; fileRef = 7917224921937F4B00EAC698 /* AppDelegate.m */; };
		7917224D21937F4B00EAC698 /* FirstViewController.m in Sources */ = {isa = PBXBuildFile; fileRef = 7917224C21937F4B00EAC698 /* FirstViewController.m */; };
		7917225021937F4B00EAC698 /* SecondViewController.m in Sources */ = {isa = PBXBuildFile; fileRef = 7917224F21937F4B00EAC698 /* SecondViewController.m */; };
		7917225321937F4B00EAC698 /* Main.storyboard in Resources */ = {isa = PBXBuildFile; fileRef = 7917225121937F4B00EAC698 /* Main.storyboard */; };
		7917225521937F4E00EAC698 /* Assets.xcassets in Resources */ = {isa = PBXBuildFile; fileRef = 7917225421937F4E00EAC698 /* Assets.xcassets */; };
		7917225821937F4E00EAC698 /* LaunchScreen.storyboard in Resources */ = {isa = PBXBuildFile; fileRef = 7917225621937F4E00EAC698 /* LaunchScreen.storyboard */; };
		7917225B21937F4E00EAC698 /* main.m in Sources */ = {isa = PBXBuildFile; fileRef = 7917225A21937F4E00EAC698 /* main.m */; };
		7917226521937F4E00EAC698 /* TheBankTests.m in Sources */ = {isa = PBXBuildFile; fileRef = 7917226421937F4E00EAC698 /* TheBankTests.m */; };
		7917227A2193842400EAC698 /* LoanEnquiry.m in Sources */ = {isa = PBXBuildFile; fileRef = 791722792193842400EAC698 /* LoanEnquiry.m */; };
		7917227B2193842400EAC698 /* LoanEnquiry.m in Sources */ = {isa = PBXBuildFile; fileRef = 791722792193842400EAC698 /* LoanEnquiry.m */; };
		7917227E2193856600EAC698 /* LoanServiceFirebase.m in Sources */ = {isa = PBXBuildFile; fileRef = 7917227D2193856600EAC698 /* LoanServiceFirebase.m */; };
		79172282219386D600EAC698 /* LoanEnquiries.storyboard in Resources */ = {isa = PBXBuildFile; fileRef = 79172280219386D600EAC698 /* LoanEnquiries.storyboard */; };
		7917228521938AEC00EAC698 /* LoanEnquiriesViewController.m in Sources */ = {isa = PBXBuildFile; fileRef = 7917228421938AEC00EAC698 /* LoanEnquiriesViewController.m */; };
		7917228821938B4300EAC698 /* BasePresenter.m in Sources */ = {isa = PBXBuildFile; fileRef = 7917228721938B4300EAC698 /* BasePresenter.m */; };
		7917228921938B4300EAC698 /* BasePresenter.m in Sources */ = {isa = PBXBuildFile; fileRef = 7917228721938B4300EAC698 /* BasePresenter.m */; };
		7917228D21938C6800EAC698 /* LoanEnquiriesViewPresenter.m in Sources */ = {isa = PBXBuildFile; fileRef = 7917228C21938C6800EAC698 /* LoanEnquiriesViewPresenter.m */; };
		7917228E21938C6800EAC698 /* LoanEnquiriesViewPresenter.m in Sources */ = {isa = PBXBuildFile; fileRef = 7917228C21938C6800EAC698 /* LoanEnquiriesViewPresenter.m */; };
		791722A121943D2300EAC698 /* leveldb-library.framework in Frameworks */ = {isa = PBXBuildFile; fileRef = 7917229621943D2100EAC698 /* leveldb-library.framework */; };
		791722A321943D2300EAC698 /* FirebaseDatabase.framework in Frameworks */ = {isa = PBXBuildFile; fileRef = 7917229721943D2100EAC698 /* FirebaseDatabase.framework */; };
		791722A521943D2300EAC698 /* FirebaseCore.framework in Frameworks */ = {isa = PBXBuildFile; fileRef = 7917229A21943D2300EAC698 /* FirebaseCore.framework */; };
		791722A721943D2300EAC698 /* FirebaseAnalytics.framework in Frameworks */ = {isa = PBXBuildFile; fileRef = 7917229B21943D2300EAC698 /* FirebaseAnalytics.framework */; };
		791722A921943D2300EAC698 /* GoogleToolboxForMac.framework in Frameworks */ = {isa = PBXBuildFile; fileRef = 7917229C21943D2300EAC698 /* GoogleToolboxForMac.framework */; };
		791722AB21943D2300EAC698 /* nanopb.framework in Frameworks */ = {isa = PBXBuildFile; fileRef = 7917229D21943D2300EAC698 /* nanopb.framework */; };
		791722AD21943D2300EAC698 /* FirebaseNanoPB.framework in Frameworks */ = {isa = PBXBuildFile; fileRef = 7917229E21943D2300EAC698 /* FirebaseNanoPB.framework */; };
		791722AF21943D2300EAC698 /* FirebaseInstanceID.framework in Frameworks */ = {isa = PBXBuildFile; fileRef = 7917229F21943D2300EAC698 /* FirebaseInstanceID.framework */; };
		791722B121943D2300EAC698 /* FirebaseCoreDiagnostics.framework in Frameworks */ = {isa = PBXBuildFile; fileRef = 791722A021943D2300EAC698 /* FirebaseCoreDiagnostics.framework */; };
		791722B421943EB200EAC698 /* GoogleService-Info.plist in Resources */ = {isa = PBXBuildFile; fileRef = 791722B321943EB100EAC698 /* GoogleService-Info.plist */; };
		791722B821944AD500EAC698 /* LoanEnquiryTableViewCell.m in Sources */ = {isa = PBXBuildFile; fileRef = 791722B721944AD500EAC698 /* LoanEnquiryTableViewCell.m */; };
		791722BC21945DB300EAC698 /* GTMSessionFetcher.framework in Frameworks */ = {isa = PBXBuildFile; fileRef = 791722BA21945DB300EAC698 /* GTMSessionFetcher.framework */; };
		791722BD21945DB400EAC698 /* FirebaseAuth.framework in Frameworks */ = {isa = PBXBuildFile; fileRef = 791722BB21945DB300EAC698 /* FirebaseAuth.framework */; };
		791722C4219469CE00EAC698 /* User.m in Sources */ = {isa = PBXBuildFile; fileRef = 791722C3219469CE00EAC698 /* User.m */; };
		791722C5219469CE00EAC698 /* User.m in Sources */ = {isa = PBXBuildFile; fileRef = 791722C3219469CE00EAC698 /* User.m */; };
		791722C821946A1D00EAC698 /* AuthServiceFirebase.m in Sources */ = {isa = PBXBuildFile; fileRef = 791722C721946A1D00EAC698 /* AuthServiceFirebase.m */; };
		791722CC21946C6600EAC698 /* User+Firebase.m in Sources */ = {isa = PBXBuildFile; fileRef = 791722CB21946C6600EAC698 /* User+Firebase.m */; };
		791722CD21946C6600EAC698 /* User+Firebase.m in Sources */ = {isa = PBXBuildFile; fileRef = 791722CB21946C6600EAC698 /* User+Firebase.m */; };
		791722D12194859A00EAC698 /* ServiceCoordinator.m in Sources */ = {isa = PBXBuildFile; fileRef = 791722D02194859A00EAC698 /* ServiceCoordinator.m */; };
		791722D82194A01700EAC698 /* LoanEnquiryFormTableViewController.m in Sources */ = {isa = PBXBuildFile; fileRef = 791722D72194A01700EAC698 /* LoanEnquiryFormTableViewController.m */; };
		791722DC2194A87500EAC698 /* LoanEnquiryFormViewPresenter.m in Sources */ = {isa = PBXBuildFile; fileRef = 791722DB2194A87500EAC698 /* LoanEnquiryFormViewPresenter.m */; };
		791722DD2194A87500EAC698 /* LoanEnquiryFormViewPresenter.m in Sources */ = {isa = PBXBuildFile; fileRef = 791722DB2194A87500EAC698 /* LoanEnquiryFormViewPresenter.m */; };
/* End PBXBuildFile section */

/* Begin PBXContainerItemProxy section */
		7917226121937F4E00EAC698 /* PBXContainerItemProxy */ = {
			isa = PBXContainerItemProxy;
			containerPortal = 7917223D21937F4B00EAC698 /* Project object */;
			proxyType = 1;
			remoteGlobalIDString = 7917224421937F4B00EAC698;
			remoteInfo = TheBank;
		};
/* End PBXContainerItemProxy section */

/* Begin PBXFileReference section */
		7917224521937F4B00EAC698 /* TheBank.app */ = {isa = PBXFileReference; explicitFileType = wrapper.application; includeInIndex = 0; path = TheBank.app; sourceTree = BUILT_PRODUCTS_DIR; };
		7917224821937F4B00EAC698 /* AppDelegate.h */ = {isa = PBXFileReference; lastKnownFileType = sourcecode.c.h; path = AppDelegate.h; sourceTree = "<group>"; };
		7917224921937F4B00EAC698 /* AppDelegate.m */ = {isa = PBXFileReference; lastKnownFileType = sourcecode.c.objc; path = AppDelegate.m; sourceTree = "<group>"; };
		7917224B21937F4B00EAC698 /* FirstViewController.h */ = {isa = PBXFileReference; lastKnownFileType = sourcecode.c.h; path = FirstViewController.h; sourceTree = "<group>"; };
		7917224C21937F4B00EAC698 /* FirstViewController.m */ = {isa = PBXFileReference; lastKnownFileType = sourcecode.c.objc; path = FirstViewController.m; sourceTree = "<group>"; };
		7917224E21937F4B00EAC698 /* SecondViewController.h */ = {isa = PBXFileReference; lastKnownFileType = sourcecode.c.h; path = SecondViewController.h; sourceTree = "<group>"; };
		7917224F21937F4B00EAC698 /* SecondViewController.m */ = {isa = PBXFileReference; lastKnownFileType = sourcecode.c.objc; path = SecondViewController.m; sourceTree = "<group>"; };
		7917225221937F4B00EAC698 /* Base */ = {isa = PBXFileReference; lastKnownFileType = file.storyboard; name = Base; path = Base.lproj/Main.storyboard; sourceTree = "<group>"; };
		7917225421937F4E00EAC698 /* Assets.xcassets */ = {isa = PBXFileReference; lastKnownFileType = folder.assetcatalog; path = Assets.xcassets; sourceTree = "<group>"; };
		7917225721937F4E00EAC698 /* Base */ = {isa = PBXFileReference; lastKnownFileType = file.storyboard; name = Base; path = Base.lproj/LaunchScreen.storyboard; sourceTree = "<group>"; };
		7917225921937F4E00EAC698 /* Info.plist */ = {isa = PBXFileReference; lastKnownFileType = text.plist.xml; path = Info.plist; sourceTree = "<group>"; };
		7917225A21937F4E00EAC698 /* main.m */ = {isa = PBXFileReference; lastKnownFileType = sourcecode.c.objc; path = main.m; sourceTree = "<group>"; };
		7917226021937F4E00EAC698 /* TheBankTests.xctest */ = {isa = PBXFileReference; explicitFileType = wrapper.cfbundle; includeInIndex = 0; path = TheBankTests.xctest; sourceTree = BUILT_PRODUCTS_DIR; };
		7917226421937F4E00EAC698 /* TheBankTests.m */ = {isa = PBXFileReference; lastKnownFileType = sourcecode.c.objc; path = TheBankTests.m; sourceTree = "<group>"; };
		7917226621937F4E00EAC698 /* Info.plist */ = {isa = PBXFileReference; lastKnownFileType = text.plist.xml; path = Info.plist; sourceTree = "<group>"; };
		791722752193816000EAC698 /* LoanServiceProtocol.h */ = {isa = PBXFileReference; lastKnownFileType = sourcecode.c.h; path = LoanServiceProtocol.h; sourceTree = "<group>"; };
		791722782193842400EAC698 /* LoanEnquiry.h */ = {isa = PBXFileReference; lastKnownFileType = sourcecode.c.h; path = LoanEnquiry.h; sourceTree = "<group>"; };
		791722792193842400EAC698 /* LoanEnquiry.m */ = {isa = PBXFileReference; lastKnownFileType = sourcecode.c.objc; path = LoanEnquiry.m; sourceTree = "<group>"; };
		7917227C2193856600EAC698 /* LoanServiceFirebase.h */ = {isa = PBXFileReference; lastKnownFileType = sourcecode.c.h; path = LoanServiceFirebase.h; sourceTree = "<group>"; };
		7917227D2193856600EAC698 /* LoanServiceFirebase.m */ = {isa = PBXFileReference; lastKnownFileType = sourcecode.c.objc; path = LoanServiceFirebase.m; sourceTree = "<group>"; };
		79172281219386D600EAC698 /* Base */ = {isa = PBXFileReference; lastKnownFileType = file.storyboard; name = Base; path = Base.lproj/LoanEnquiries.storyboard; sourceTree = "<group>"; };
		7917228321938AEC00EAC698 /* LoanEnquiriesViewController.h */ = {isa = PBXFileReference; lastKnownFileType = sourcecode.c.h; path = LoanEnquiriesViewController.h; sourceTree = "<group>"; };
		7917228421938AEC00EAC698 /* LoanEnquiriesViewController.m */ = {isa = PBXFileReference; lastKnownFileType = sourcecode.c.objc; path = LoanEnquiriesViewController.m; sourceTree = "<group>"; };
		7917228621938B4300EAC698 /* BasePresenter.h */ = {isa = PBXFileReference; lastKnownFileType = sourcecode.c.h; path = BasePresenter.h; sourceTree = "<group>"; };
		7917228721938B4300EAC698 /* BasePresenter.m */ = {isa = PBXFileReference; lastKnownFileType = sourcecode.c.objc; path = BasePresenter.m; sourceTree = "<group>"; };
		7917228B21938C6800EAC698 /* LoanEnquiriesViewPresenter.h */ = {isa = PBXFileReference; lastKnownFileType = sourcecode.c.h; path = LoanEnquiriesViewPresenter.h; sourceTree = "<group>"; };
		7917228C21938C6800EAC698 /* LoanEnquiriesViewPresenter.m */ = {isa = PBXFileReference; lastKnownFileType = sourcecode.c.objc; path = LoanEnquiriesViewPresenter.m; sourceTree = "<group>"; };
		791722922193984600EAC698 /* LoanEnquiriesViewProtocol.h */ = {isa = PBXFileReference; lastKnownFileType = sourcecode.c.h; path = LoanEnquiriesViewProtocol.h; sourceTree = "<group>"; };
		7917229621943D2100EAC698 /* leveldb-library.framework */ = {isa = PBXFileReference; lastKnownFileType = wrapper.framework; path = "leveldb-library.framework"; sourceTree = "<group>"; };
		7917229721943D2100EAC698 /* FirebaseDatabase.framework */ = {isa = PBXFileReference; lastKnownFileType = wrapper.framework; path = FirebaseDatabase.framework; sourceTree = "<group>"; };
		7917229821943D2100EAC698 /* Firebase.h */ = {isa = PBXFileReference; fileEncoding = 4; lastKnownFileType = sourcecode.c.h; path = Firebase.h; sourceTree = "<group>"; };
		7917229A21943D2300EAC698 /* FirebaseCore.framework */ = {isa = PBXFileReference; lastKnownFileType = wrapper.framework; path = FirebaseCore.framework; sourceTree = "<group>"; };
		7917229B21943D2300EAC698 /* FirebaseAnalytics.framework */ = {isa = PBXFileReference; lastKnownFileType = wrapper.framework; path = FirebaseAnalytics.framework; sourceTree = "<group>"; };
		7917229C21943D2300EAC698 /* GoogleToolboxForMac.framework */ = {isa = PBXFileReference; lastKnownFileType = wrapper.framework; path = GoogleToolboxForMac.framework; sourceTree = "<group>"; };
		7917229D21943D2300EAC698 /* nanopb.framework */ = {isa = PBXFileReference; lastKnownFileType = wrapper.framework; path = nanopb.framework; sourceTree = "<group>"; };
		7917229E21943D2300EAC698 /* FirebaseNanoPB.framework */ = {isa = PBXFileReference; lastKnownFileType = wrapper.framework; path = FirebaseNanoPB.framework; sourceTree = "<group>"; };
		7917229F21943D2300EAC698 /* FirebaseInstanceID.framework */ = {isa = PBXFileReference; lastKnownFileType = wrapper.framework; path = FirebaseInstanceID.framework; sourceTree = "<group>"; };
		791722A021943D2300EAC698 /* FirebaseCoreDiagnostics.framework */ = {isa = PBXFileReference; lastKnownFileType = wrapper.framework; path = FirebaseCoreDiagnostics.framework; sourceTree = "<group>"; };
		791722B321943EB100EAC698 /* GoogleService-Info.plist */ = {isa = PBXFileReference; fileEncoding = 4; lastKnownFileType = text.plist.xml; path = "GoogleService-Info.plist"; sourceTree = "<group>"; };
		791722B621944AD500EAC698 /* LoanEnquiryTableViewCell.h */ = {isa = PBXFileReference; lastKnownFileType = sourcecode.c.h; path = LoanEnquiryTableViewCell.h; sourceTree = "<group>"; };
		791722B721944AD500EAC698 /* LoanEnquiryTableViewCell.m */ = {isa = PBXFileReference; lastKnownFileType = sourcecode.c.objc; path = LoanEnquiryTableViewCell.m; sourceTree = "<group>"; };
		791722BA21945DB300EAC698 /* GTMSessionFetcher.framework */ = {isa = PBXFileReference; lastKnownFileType = wrapper.framework; path = GTMSessionFetcher.framework; sourceTree = "<group>"; };
		791722BB21945DB300EAC698 /* FirebaseAuth.framework */ = {isa = PBXFileReference; lastKnownFileType = wrapper.framework; path = FirebaseAuth.framework; sourceTree = "<group>"; };
		791722C02194699900EAC698 /* AuthServiceProtocol.h */ = {isa = PBXFileReference; lastKnownFileType = sourcecode.c.h; path = AuthServiceProtocol.h; sourceTree = "<group>"; };
		791722C2219469CE00EAC698 /* User.h */ = {isa = PBXFileReference; lastKnownFileType = sourcecode.c.h; path = User.h; sourceTree = "<group>"; };
		791722C3219469CE00EAC698 /* User.m */ = {isa = PBXFileReference; lastKnownFileType = sourcecode.c.objc; path = User.m; sourceTree = "<group>"; };
		791722C621946A1D00EAC698 /* AuthServiceFirebase.h */ = {isa = PBXFileReference; lastKnownFileType = sourcecode.c.h; path = AuthServiceFirebase.h; sourceTree = "<group>"; };
		791722C721946A1D00EAC698 /* AuthServiceFirebase.m */ = {isa = PBXFileReference; lastKnownFileType = sourcecode.c.objc; path = AuthServiceFirebase.m; sourceTree = "<group>"; };
		791722CA21946C6600EAC698 /* User+Firebase.h */ = {isa = PBXFileReference; lastKnownFileType = sourcecode.c.h; path = "User+Firebase.h"; sourceTree = "<group>"; };
		791722CB21946C6600EAC698 /* User+Firebase.m */ = {isa = PBXFileReference; lastKnownFileType = sourcecode.c.objc; path = "User+Firebase.m"; sourceTree = "<group>"; };
		791722CF2194859A00EAC698 /* ServiceCoordinator.h */ = {isa = PBXFileReference; lastKnownFileType = sourcecode.c.h; path = ServiceCoordinator.h; sourceTree = "<group>"; };
		791722D02194859A00EAC698 /* ServiceCoordinator.m */ = {isa = PBXFileReference; lastKnownFileType = sourcecode.c.objc; path = ServiceCoordinator.m; sourceTree = "<group>"; };
		791722D62194A01700EAC698 /* LoanEnquiryFormTableViewController.h */ = {isa = PBXFileReference; lastKnownFileType = sourcecode.c.h; path = LoanEnquiryFormTableViewController.h; sourceTree = "<group>"; };
		791722D72194A01700EAC698 /* LoanEnquiryFormTableViewController.m */ = {isa = PBXFileReference; lastKnownFileType = sourcecode.c.objc; path = LoanEnquiryFormTableViewController.m; sourceTree = "<group>"; };
		791722D92194A0A100EAC698 /* LoanEnquiryFormViewProtocol.h */ = {isa = PBXFileReference; lastKnownFileType = sourcecode.c.h; path = LoanEnquiryFormViewProtocol.h; sourceTree = "<group>"; };
		791722DA2194A87500EAC698 /* LoanEnquiryFormViewPresenter.h */ = {isa = PBXFileReference; lastKnownFileType = sourcecode.c.h; path = LoanEnquiryFormViewPresenter.h; sourceTree = "<group>"; };
		791722DB2194A87500EAC698 /* LoanEnquiryFormViewPresenter.m */ = {isa = PBXFileReference; lastKnownFileType = sourcecode.c.objc; path = LoanEnquiryFormViewPresenter.m; sourceTree = "<group>"; };
/* End PBXFileReference section */

/* Begin PBXFrameworksBuildPhase section */
		7917224221937F4B00EAC698 /* Frameworks */ = {
			isa = PBXFrameworksBuildPhase;
			buildActionMask = 2147483647;
			files = (
				791722A721943D2300EAC698 /* FirebaseAnalytics.framework in Frameworks */,
				791722A321943D2300EAC698 /* FirebaseDatabase.framework in Frameworks */,
				791722A121943D2300EAC698 /* leveldb-library.framework in Frameworks */,
				791722AF21943D2300EAC698 /* FirebaseInstanceID.framework in Frameworks */,
				791722BC21945DB300EAC698 /* GTMSessionFetcher.framework in Frameworks */,
				791722A521943D2300EAC698 /* FirebaseCore.framework in Frameworks */,
				791722BD21945DB400EAC698 /* FirebaseAuth.framework in Frameworks */,
				791722AB21943D2300EAC698 /* nanopb.framework in Frameworks */,
				791722B121943D2300EAC698 /* FirebaseCoreDiagnostics.framework in Frameworks */,
				791722AD21943D2300EAC698 /* FirebaseNanoPB.framework in Frameworks */,
				791722A921943D2300EAC698 /* GoogleToolboxForMac.framework in Frameworks */,
			);
			runOnlyForDeploymentPostprocessing = 0;
		};
		7917225D21937F4E00EAC698 /* Frameworks */ = {
			isa = PBXFrameworksBuildPhase;
			buildActionMask = 2147483647;
			files = (
			);
			runOnlyForDeploymentPostprocessing = 0;
		};
/* End PBXFrameworksBuildPhase section */

/* Begin PBXGroup section */
		7917223C21937F4B00EAC698 = {
			isa = PBXGroup;
			children = (
				7917224721937F4B00EAC698 /* TheBank */,
				7917226321937F4E00EAC698 /* TheBankTests */,
				7917224621937F4B00EAC698 /* Products */,
			);
			sourceTree = "<group>";
		};
		7917224621937F4B00EAC698 /* Products */ = {
			isa = PBXGroup;
			children = (
				7917224521937F4B00EAC698 /* TheBank.app */,
				7917226021937F4E00EAC698 /* TheBankTests.xctest */,
			);
			name = Products;
			sourceTree = "<group>";
		};
		7917224721937F4B00EAC698 /* TheBank */ = {
			isa = PBXGroup;
			children = (
				79172274219380F800EAC698 /* Network */,
				791722712193801100EAC698 /* Model */,
				7917227021937FEA00EAC698 /* Screens */,
				791722722193802400EAC698 /* Storyboards */,
				7917224821937F4B00EAC698 /* AppDelegate.h */,
				7917224921937F4B00EAC698 /* AppDelegate.m */,
				7917224B21937F4B00EAC698 /* FirstViewController.h */,
				7917224C21937F4B00EAC698 /* FirstViewController.m */,
				7917224E21937F4B00EAC698 /* SecondViewController.h */,
				7917224F21937F4B00EAC698 /* SecondViewController.m */,
				7917225421937F4E00EAC698 /* Assets.xcassets */,
				7917225621937F4E00EAC698 /* LaunchScreen.storyboard */,
				7917225921937F4E00EAC698 /* Info.plist */,
				7917225A21937F4E00EAC698 /* main.m */,
				7917229321943D0500EAC698 /* External */,
			);
			path = TheBank;
			sourceTree = "<group>";
		};
		7917226321937F4E00EAC698 /* TheBankTests */ = {
			isa = PBXGroup;
			children = (
				7917226421937F4E00EAC698 /* TheBankTests.m */,
				7917226621937F4E00EAC698 /* Info.plist */,
			);
			path = TheBankTests;
			sourceTree = "<group>";
		};
		7917226F21937FE000EAC698 /* Services */ = {
			isa = PBXGroup;
			children = (
				791722CE2194858200EAC698 /* ServiceCoordinator */,
				791722BF2194697C00EAC698 /* AuthService */,
				791722BE21945DBD00EAC698 /* LoanService */,
			);
			path = Services;
			sourceTree = "<group>";
		};
		7917227021937FEA00EAC698 /* Screens */ = {
			isa = PBXGroup;
			children = (
				7917228A21938B5900EAC698 /* BaseClasses */,
				791722D521949F7400EAC698 /* New Loan Enquiry */,
				791722732193803F00EAC698 /* LoanEnquiries */,
			);
			path = Screens;
			sourceTree = "<group>";
		};
		791722712193801100EAC698 /* Model */ = {
			isa = PBXGroup;
			children = (
				7917226F21937FE000EAC698 /* Services */,
				79172276219382D500EAC698 /* DataModels */,
			);
			path = Model;
			sourceTree = "<group>";
		};
		791722722193802400EAC698 /* Storyboards */ = {
			isa = PBXGroup;
			children = (
				7917225121937F4B00EAC698 /* Main.storyboard */,
				79172280219386D600EAC698 /* LoanEnquiries.storyboard */,
			);
			path = Storyboards;
			sourceTree = "<group>";
		};
		791722732193803F00EAC698 /* LoanEnquiries */ = {
			isa = PBXGroup;
			children = (
				7917228321938AEC00EAC698 /* LoanEnquiriesViewController.h */,
				7917228421938AEC00EAC698 /* LoanEnquiriesViewController.m */,
				791722922193984600EAC698 /* LoanEnquiriesViewProtocol.h */,
				7917228B21938C6800EAC698 /* LoanEnquiriesViewPresenter.h */,
				7917228C21938C6800EAC698 /* LoanEnquiriesViewPresenter.m */,
				791722B621944AD500EAC698 /* LoanEnquiryTableViewCell.h */,
				791722B721944AD500EAC698 /* LoanEnquiryTableViewCell.m */,
			);
			path = LoanEnquiries;
			sourceTree = "<group>";
		};
		79172274219380F800EAC698 /* Network */ = {
			isa = PBXGroup;
			children = (
			);
			path = Network;
			sourceTree = "<group>";
		};
		79172276219382D500EAC698 /* DataModels */ = {
			isa = PBXGroup;
			children = (
				791722C1219469B100EAC698 /* User */,
				79172277219382FA00EAC698 /* LoanEnquiry */,
			);
			path = DataModels;
			sourceTree = "<group>";
		};
		79172277219382FA00EAC698 /* LoanEnquiry */ = {
			isa = PBXGroup;
			children = (
				791722782193842400EAC698 /* LoanEnquiry.h */,
				791722792193842400EAC698 /* LoanEnquiry.m */,
			);
			path = LoanEnquiry;
			sourceTree = "<group>";
		};
		7917228A21938B5900EAC698 /* BaseClasses */ = {
			isa = PBXGroup;
			children = (
				7917228621938B4300EAC698 /* BasePresenter.h */,
				7917228721938B4300EAC698 /* BasePresenter.m */,
			);
			path = BaseClasses;
			sourceTree = "<group>";
		};
		7917229321943D0500EAC698 /* External */ = {
			isa = PBXGroup;
			children = (
				7917229421943D1400EAC698 /* Firebase */,
			);
			path = External;
			sourceTree = "<group>";
		};
		7917229421943D1400EAC698 /* Firebase */ = {
			isa = PBXGroup;
			children = (
				791722B921945DB300EAC698 /* Auth */,
				7917229921943D2300EAC698 /* Analytics */,
				7917229521943D2100EAC698 /* Database */,
				7917229821943D2100EAC698 /* Firebase.h */,
				791722B321943EB100EAC698 /* GoogleService-Info.plist */,
			);
			path = Firebase;
			sourceTree = "<group>";
		};
		7917229521943D2100EAC698 /* Database */ = {
			isa = PBXGroup;
			children = (
				7917229621943D2100EAC698 /* leveldb-library.framework */,
				7917229721943D2100EAC698 /* FirebaseDatabase.framework */,
			);
			path = Database;
			sourceTree = "<group>";
		};
		7917229921943D2300EAC698 /* Analytics */ = {
			isa = PBXGroup;
			children = (
				7917229A21943D2300EAC698 /* FirebaseCore.framework */,
				7917229B21943D2300EAC698 /* FirebaseAnalytics.framework */,
				7917229C21943D2300EAC698 /* GoogleToolboxForMac.framework */,
				7917229D21943D2300EAC698 /* nanopb.framework */,
				7917229E21943D2300EAC698 /* FirebaseNanoPB.framework */,
				7917229F21943D2300EAC698 /* FirebaseInstanceID.framework */,
				791722A021943D2300EAC698 /* FirebaseCoreDiagnostics.framework */,
			);
			path = Analytics;
			sourceTree = "<group>";
		};
		791722B921945DB300EAC698 /* Auth */ = {
			isa = PBXGroup;
			children = (
				791722BA21945DB300EAC698 /* GTMSessionFetcher.framework */,
				791722BB21945DB300EAC698 /* FirebaseAuth.framework */,
			);
			path = Auth;
			sourceTree = "<group>";
		};
		791722BE21945DBD00EAC698 /* LoanService */ = {
			isa = PBXGroup;
			children = (
				791722752193816000EAC698 /* LoanServiceProtocol.h */,
				7917227C2193856600EAC698 /* LoanServiceFirebase.h */,
				7917227D2193856600EAC698 /* LoanServiceFirebase.m */,
			);
			path = LoanService;
			sourceTree = "<group>";
		};
		791722BF2194697C00EAC698 /* AuthService */ = {
			isa = PBXGroup;
			children = (
				791722C02194699900EAC698 /* AuthServiceProtocol.h */,
				791722C621946A1D00EAC698 /* AuthServiceFirebase.h */,
				791722C721946A1D00EAC698 /* AuthServiceFirebase.m */,
			);
			path = AuthService;
			sourceTree = "<group>";
		};
		791722C1219469B100EAC698 /* User */ = {
			isa = PBXGroup;
			children = (
				791722C2219469CE00EAC698 /* User.h */,
				791722C3219469CE00EAC698 /* User.m */,
				791722CA21946C6600EAC698 /* User+Firebase.h */,
				791722CB21946C6600EAC698 /* User+Firebase.m */,
			);
			path = User;
			sourceTree = "<group>";
		};
		791722CE2194858200EAC698 /* ServiceCoordinator */ = {
			isa = PBXGroup;
			children = (
				791722CF2194859A00EAC698 /* ServiceCoordinator.h */,
				791722D02194859A00EAC698 /* ServiceCoordinator.m */,
			);
			path = ServiceCoordinator;
			sourceTree = "<group>";
		};
		791722D521949F7400EAC698 /* New Loan Enquiry */ = {
			isa = PBXGroup;
			children = (
				791722D62194A01700EAC698 /* LoanEnquiryFormTableViewController.h */,
				791722D72194A01700EAC698 /* LoanEnquiryFormTableViewController.m */,
				791722D92194A0A100EAC698 /* LoanEnquiryFormViewProtocol.h */,
				791722DA2194A87500EAC698 /* LoanEnquiryFormViewPresenter.h */,
				791722DB2194A87500EAC698 /* LoanEnquiryFormViewPresenter.m */,
			);
			path = "New Loan Enquiry";
			sourceTree = "<group>";
		};
/* End PBXGroup section */

/* Begin PBXNativeTarget section */
		7917224421937F4B00EAC698 /* TheBank */ = {
			isa = PBXNativeTarget;
			buildConfigurationList = 7917226921937F4E00EAC698 /* Build configuration list for PBXNativeTarget "TheBank" */;
			buildPhases = (
				7917224121937F4B00EAC698 /* Sources */,
				7917224221937F4B00EAC698 /* Frameworks */,
				7917224321937F4B00EAC698 /* Resources */,
			);
			buildRules = (
			);
			dependencies = (
			);
			name = TheBank;
			productName = TheBank;
			productReference = 7917224521937F4B00EAC698 /* TheBank.app */;
			productType = "com.apple.product-type.application";
		};
		7917225F21937F4E00EAC698 /* TheBankTests */ = {
			isa = PBXNativeTarget;
			buildConfigurationList = 7917226C21937F4E00EAC698 /* Build configuration list for PBXNativeTarget "TheBankTests" */;
			buildPhases = (
				7917225C21937F4E00EAC698 /* Sources */,
				7917225D21937F4E00EAC698 /* Frameworks */,
				7917225E21937F4E00EAC698 /* Resources */,
			);
			buildRules = (
			);
			dependencies = (
				7917226221937F4E00EAC698 /* PBXTargetDependency */,
			);
			name = TheBankTests;
			productName = TheBankTests;
			productReference = 7917226021937F4E00EAC698 /* TheBankTests.xctest */;
			productType = "com.apple.product-type.bundle.unit-test";
		};
/* End PBXNativeTarget section */

/* Begin PBXProject section */
		7917223D21937F4B00EAC698 /* Project object */ = {
			isa = PBXProject;
			attributes = {
				LastUpgradeCheck = 0940;
				ORGANIZATIONNAME = DeBunk;
				TargetAttributes = {
					7917224421937F4B00EAC698 = {
						CreatedOnToolsVersion = 9.4.1;
					};
					7917225F21937F4E00EAC698 = {
						CreatedOnToolsVersion = 9.4.1;
						TestTargetID = 7917224421937F4B00EAC698;
					};
				};
			};
			buildConfigurationList = 7917224021937F4B00EAC698 /* Build configuration list for PBXProject "TheBank" */;
			compatibilityVersion = "Xcode 9.3";
			developmentRegion = en;
			hasScannedForEncodings = 0;
			knownRegions = (
				en,
				Base,
			);
			mainGroup = 7917223C21937F4B00EAC698;
			productRefGroup = 7917224621937F4B00EAC698 /* Products */;
			projectDirPath = "";
			projectRoot = "";
			targets = (
				7917224421937F4B00EAC698 /* TheBank */,
				7917225F21937F4E00EAC698 /* TheBankTests */,
			);
		};
/* End PBXProject section */

/* Begin PBXResourcesBuildPhase section */
		7917224321937F4B00EAC698 /* Resources */ = {
			isa = PBXResourcesBuildPhase;
			buildActionMask = 2147483647;
			files = (
				7917225821937F4E00EAC698 /* LaunchScreen.storyboard in Resources */,
				7917225521937F4E00EAC698 /* Assets.xcassets in Resources */,
				791722B421943EB200EAC698 /* GoogleService-Info.plist in Resources */,
				79172282219386D600EAC698 /* LoanEnquiries.storyboard in Resources */,
				7917225321937F4B00EAC698 /* Main.storyboard in Resources */,
			);
			runOnlyForDeploymentPostprocessing = 0;
		};
		7917225E21937F4E00EAC698 /* Resources */ = {
			isa = PBXResourcesBuildPhase;
			buildActionMask = 2147483647;
			files = (
			);
			runOnlyForDeploymentPostprocessing = 0;
		};
/* End PBXResourcesBuildPhase section */

/* Begin PBXSourcesBuildPhase section */
		7917224121937F4B00EAC698 /* Sources */ = {
			isa = PBXSourcesBuildPhase;
			buildActionMask = 2147483647;
			files = (
				7917225021937F4B00EAC698 /* SecondViewController.m in Sources */,
				7917224A21937F4B00EAC698 /* AppDelegate.m in Sources */,
				7917227E2193856600EAC698 /* LoanServiceFirebase.m in Sources */,
				791722B821944AD500EAC698 /* LoanEnquiryTableViewCell.m in Sources */,
				791722C821946A1D00EAC698 /* AuthServiceFirebase.m in Sources */,
				7917228521938AEC00EAC698 /* LoanEnquiriesViewController.m in Sources */,
				791722D12194859A00EAC698 /* ServiceCoordinator.m in Sources */,
				791722DC2194A87500EAC698 /* LoanEnquiryFormViewPresenter.m in Sources */,
				791722D82194A01700EAC698 /* LoanEnquiryFormTableViewController.m in Sources */,
				7917225B21937F4E00EAC698 /* main.m in Sources */,
				791722C4219469CE00EAC698 /* User.m in Sources */,
				7917228821938B4300EAC698 /* BasePresenter.m in Sources */,
				7917224D21937F4B00EAC698 /* FirstViewController.m in Sources */,
				7917228D21938C6800EAC698 /* LoanEnquiriesViewPresenter.m in Sources */,
				791722CC21946C6600EAC698 /* User+Firebase.m in Sources */,
				7917227A2193842400EAC698 /* LoanEnquiry.m in Sources */,
			);
			runOnlyForDeploymentPostprocessing = 0;
		};
		7917225C21937F4E00EAC698 /* Sources */ = {
			isa = PBXSourcesBuildPhase;
			buildActionMask = 2147483647;
			files = (
				791722C5219469CE00EAC698 /* User.m in Sources */,
				791722DD2194A87500EAC698 /* LoanEnquiryFormViewPresenter.m in Sources */,
				791722CD21946C6600EAC698 /* User+Firebase.m in Sources */,
				7917226521937F4E00EAC698 /* TheBankTests.m in Sources */,
				7917228E21938C6800EAC698 /* LoanEnquiriesViewPresenter.m in Sources */,
				7917227B2193842400EAC698 /* LoanEnquiry.m in Sources */,
				7917228921938B4300EAC698 /* BasePresenter.m in Sources */,
			);
			runOnlyForDeploymentPostprocessing = 0;
		};
/* End PBXSourcesBuildPhase section */

/* Begin PBXTargetDependency section */
		7917226221937F4E00EAC698 /* PBXTargetDependency */ = {
			isa = PBXTargetDependency;
			target = 7917224421937F4B00EAC698 /* TheBank */;
			targetProxy = 7917226121937F4E00EAC698 /* PBXContainerItemProxy */;
		};
/* End PBXTargetDependency section */

/* Begin PBXVariantGroup section */
		7917225121937F4B00EAC698 /* Main.storyboard */ = {
			isa = PBXVariantGroup;
			children = (
				7917225221937F4B00EAC698 /* Base */,
			);
			name = Main.storyboard;
			sourceTree = "<group>";
		};
		7917225621937F4E00EAC698 /* LaunchScreen.storyboard */ = {
			isa = PBXVariantGroup;
			children = (
				7917225721937F4E00EAC698 /* Base */,
			);
			name = LaunchScreen.storyboard;
			sourceTree = "<group>";
		};
		79172280219386D600EAC698 /* LoanEnquiries.storyboard */ = {
			isa = PBXVariantGroup;
			children = (
				79172281219386D600EAC698 /* Base */,
			);
			name = LoanEnquiries.storyboard;
			sourceTree = "<group>";
		};
/* End PBXVariantGroup section */

/* Begin XCBuildConfiguration section */
		7917226721937F4E00EAC698 /* Debug */ = {
			isa = XCBuildConfiguration;
			buildSettings = {
				ALWAYS_SEARCH_USER_PATHS = NO;
				CLANG_ANALYZER_NONNULL = YES;
				CLANG_ANALYZER_NUMBER_OBJECT_CONVERSION = YES_AGGRESSIVE;
				CLANG_CXX_LANGUAGE_STANDARD = "gnu++14";
				CLANG_CXX_LIBRARY = "libc++";
				CLANG_ENABLE_MODULES = YES;
				CLANG_ENABLE_OBJC_ARC = YES;
				CLANG_ENABLE_OBJC_WEAK = YES;
				CLANG_WARN_BLOCK_CAPTURE_AUTORELEASING = YES;
				CLANG_WARN_BOOL_CONVERSION = YES;
				CLANG_WARN_COMMA = YES;
				CLANG_WARN_CONSTANT_CONVERSION = YES;
				CLANG_WARN_DEPRECATED_OBJC_IMPLEMENTATIONS = YES;
				CLANG_WARN_DIRECT_OBJC_ISA_USAGE = YES_ERROR;
				CLANG_WARN_DOCUMENTATION_COMMENTS = YES;
				CLANG_WARN_EMPTY_BODY = YES;
				CLANG_WARN_ENUM_CONVERSION = YES;
				CLANG_WARN_INFINITE_RECURSION = YES;
				CLANG_WARN_INT_CONVERSION = YES;
				CLANG_WARN_NON_LITERAL_NULL_CONVERSION = YES;
				CLANG_WARN_OBJC_IMPLICIT_RETAIN_SELF = YES;
				CLANG_WARN_OBJC_LITERAL_CONVERSION = YES;
				CLANG_WARN_OBJC_ROOT_CLASS = YES_ERROR;
				CLANG_WARN_RANGE_LOOP_ANALYSIS = YES;
				CLANG_WARN_STRICT_PROTOTYPES = YES;
				CLANG_WARN_SUSPICIOUS_MOVE = YES;
				CLANG_WARN_UNGUARDED_AVAILABILITY = YES_AGGRESSIVE;
				CLANG_WARN_UNREACHABLE_CODE = YES;
				CLANG_WARN__DUPLICATE_METHOD_MATCH = YES;
				CODE_SIGN_IDENTITY = "iPhone Developer";
				COPY_PHASE_STRIP = NO;
				DEBUG_INFORMATION_FORMAT = dwarf;
				ENABLE_STRICT_OBJC_MSGSEND = YES;
				ENABLE_TESTABILITY = YES;
				GCC_C_LANGUAGE_STANDARD = gnu11;
				GCC_DYNAMIC_NO_PIC = NO;
				GCC_NO_COMMON_BLOCKS = YES;
				GCC_OPTIMIZATION_LEVEL = 0;
				GCC_PREPROCESSOR_DEFINITIONS = (
					"DEBUG=1",
					"$(inherited)",
				);
				GCC_WARN_64_TO_32_BIT_CONVERSION = YES;
				GCC_WARN_ABOUT_RETURN_TYPE = YES_ERROR;
				GCC_WARN_UNDECLARED_SELECTOR = YES;
				GCC_WARN_UNINITIALIZED_AUTOS = YES_AGGRESSIVE;
				GCC_WARN_UNUSED_FUNCTION = YES;
				GCC_WARN_UNUSED_VARIABLE = YES;
				IPHONEOS_DEPLOYMENT_TARGET = 11.4;
				MTL_ENABLE_DEBUG_INFO = YES;
				ONLY_ACTIVE_ARCH = YES;
				SDKROOT = iphoneos;
			};
			name = Debug;
		};
		7917226821937F4E00EAC698 /* Release */ = {
			isa = XCBuildConfiguration;
			buildSettings = {
				ALWAYS_SEARCH_USER_PATHS = NO;
				CLANG_ANALYZER_NONNULL = YES;
				CLANG_ANALYZER_NUMBER_OBJECT_CONVERSION = YES_AGGRESSIVE;
				CLANG_CXX_LANGUAGE_STANDARD = "gnu++14";
				CLANG_CXX_LIBRARY = "libc++";
				CLANG_ENABLE_MODULES = YES;
				CLANG_ENABLE_OBJC_ARC = YES;
				CLANG_ENABLE_OBJC_WEAK = YES;
				CLANG_WARN_BLOCK_CAPTURE_AUTORELEASING = YES;
				CLANG_WARN_BOOL_CONVERSION = YES;
				CLANG_WARN_COMMA = YES;
				CLANG_WARN_CONSTANT_CONVERSION = YES;
				CLANG_WARN_DEPRECATED_OBJC_IMPLEMENTATIONS = YES;
				CLANG_WARN_DIRECT_OBJC_ISA_USAGE = YES_ERROR;
				CLANG_WARN_DOCUMENTATION_COMMENTS = YES;
				CLANG_WARN_EMPTY_BODY = YES;
				CLANG_WARN_ENUM_CONVERSION = YES;
				CLANG_WARN_INFINITE_RECURSION = YES;
				CLANG_WARN_INT_CONVERSION = YES;
				CLANG_WARN_NON_LITERAL_NULL_CONVERSION = YES;
				CLANG_WARN_OBJC_IMPLICIT_RETAIN_SELF = YES;
				CLANG_WARN_OBJC_LITERAL_CONVERSION = YES;
				CLANG_WARN_OBJC_ROOT_CLASS = YES_ERROR;
				CLANG_WARN_RANGE_LOOP_ANALYSIS = YES;
				CLANG_WARN_STRICT_PROTOTYPES = YES;
				CLANG_WARN_SUSPICIOUS_MOVE = YES;
				CLANG_WARN_UNGUARDED_AVAILABILITY = YES_AGGRESSIVE;
				CLANG_WARN_UNREACHABLE_CODE = YES;
				CLANG_WARN__DUPLICATE_METHOD_MATCH = YES;
				CODE_SIGN_IDENTITY = "iPhone Developer";
				COPY_PHASE_STRIP = NO;
				DEBUG_INFORMATION_FORMAT = "dwarf-with-dsym";
				ENABLE_NS_ASSERTIONS = NO;
				ENABLE_STRICT_OBJC_MSGSEND = YES;
				GCC_C_LANGUAGE_STANDARD = gnu11;
				GCC_NO_COMMON_BLOCKS = YES;
				GCC_WARN_64_TO_32_BIT_CONVERSION = YES;
				GCC_WARN_ABOUT_RETURN_TYPE = YES_ERROR;
				GCC_WARN_UNDECLARED_SELECTOR = YES;
				GCC_WARN_UNINITIALIZED_AUTOS = YES_AGGRESSIVE;
				GCC_WARN_UNUSED_FUNCTION = YES;
				GCC_WARN_UNUSED_VARIABLE = YES;
				IPHONEOS_DEPLOYMENT_TARGET = 11.4;
				MTL_ENABLE_DEBUG_INFO = NO;
				SDKROOT = iphoneos;
				VALIDATE_PRODUCT = YES;
			};
			name = Release;
		};
		7917226A21937F4E00EAC698 /* Debug */ = {
			isa = XCBuildConfiguration;
			buildSettings = {
				ASSETCATALOG_COMPILER_APPICON_NAME = AppIcon;
				CODE_SIGN_STYLE = Automatic;
				FRAMEWORK_SEARCH_PATHS = (
					"$(inherited)",
					"$(PROJECT_DIR)/TheBank/External/Firebase/Database",
					"$(PROJECT_DIR)/TheBank/External/Firebase/Analytics",
					"$(PROJECT_DIR)/TheBank/External/Firebase/Auth",
				);
				INFOPLIST_FILE = TheBank/Info.plist;
				IPHONEOS_DEPLOYMENT_TARGET = 10.0;
				LD_RUNPATH_SEARCH_PATHS = (
					"$(inherited)",
					"@executable_path/Frameworks",
				);
				OTHER_LDFLAGS = "-ObjC";
				PRODUCT_BUNDLE_IDENTIFIER = com.debunk.TheBank;
				PRODUCT_NAME = "$(TARGET_NAME)";
				TARGETED_DEVICE_FAMILY = "1,2";
			};
			name = Debug;
		};
		7917226B21937F4E00EAC698 /* Release */ = {
			isa = XCBuildConfiguration;
			buildSettings = {
				ASSETCATALOG_COMPILER_APPICON_NAME = AppIcon;
				CODE_SIGN_STYLE = Automatic;
				FRAMEWORK_SEARCH_PATHS = (
					"$(inherited)",
					"$(PROJECT_DIR)/TheBank/External/Firebase/Database",
					"$(PROJECT_DIR)/TheBank/External/Firebase/Analytics",
					"$(PROJECT_DIR)/TheBank/External/Firebase/Auth",
				);
				INFOPLIST_FILE = TheBank/Info.plist;
				IPHONEOS_DEPLOYMENT_TARGET = 10.0;
				LD_RUNPATH_SEARCH_PATHS = (
					"$(inherited)",
					"@executable_path/Frameworks",
				);
				OTHER_LDFLAGS = "-ObjC";
				PRODUCT_BUNDLE_IDENTIFIER = com.debunk.TheBank;
				PRODUCT_NAME = "$(TARGET_NAME)";
				TARGETED_DEVICE_FAMILY = "1,2";
			};
			name = Release;
		};
		7917226D21937F4E00EAC698 /* Debug */ = {
			isa = XCBuildConfiguration;
			buildSettings = {
				BUNDLE_LOADER = "$(TEST_HOST)";
				CODE_SIGN_STYLE = Automatic;
				FRAMEWORK_SEARCH_PATHS = (
					"$(inherited)",
					"$(PROJECT_DIR)/TheBank/External/Firebase/Database",
					"$(PROJECT_DIR)/TheBank/External/Firebase/Analytics",
				);
				INFOPLIST_FILE = TheBankTests/Info.plist;
				LD_RUNPATH_SEARCH_PATHS = (
					"$(inherited)",
					"@executable_path/Frameworks",
					"@loader_path/Frameworks",
				);
				PRODUCT_BUNDLE_IDENTIFIER = com.debunk.TheBankTests;
				PRODUCT_NAME = "$(TARGET_NAME)";
				TARGETED_DEVICE_FAMILY = "1,2";
				TEST_HOST = "$(BUILT_PRODUCTS_DIR)/TheBank.app/TheBank";
			};
			name = Debug;
		};
		7917226E21937F4E00EAC698 /* Release */ = {
			isa = XCBuildConfiguration;
			buildSettings = {
				BUNDLE_LOADER = "$(TEST_HOST)";
				CODE_SIGN_STYLE = Automatic;
				FRAMEWORK_SEARCH_PATHS = (
					"$(inherited)",
					"$(PROJECT_DIR)/TheBank/External/Firebase/Database",
					"$(PROJECT_DIR)/TheBank/External/Firebase/Analytics",
				);
				INFOPLIST_FILE = TheBankTests/Info.plist;
				LD_RUNPATH_SEARCH_PATHS = (
					"$(inherited)",
					"@executable_path/Frameworks",
					"@loader_path/Frameworks",
				);
				PRODUCT_BUNDLE_IDENTIFIER = com.debunk.TheBankTests;
				PRODUCT_NAME = "$(TARGET_NAME)";
				TARGETED_DEVICE_FAMILY = "1,2";
				TEST_HOST = "$(BUILT_PRODUCTS_DIR)/TheBank.app/TheBank";
			};
			name = Release;
		};
/* End XCBuildConfiguration section */

/* Begin XCConfigurationList section */
		7917224021937F4B00EAC698 /* Build configuration list for PBXProject "TheBank" */ = {
			isa = XCConfigurationList;
			buildConfigurations = (
				7917226721937F4E00EAC698 /* Debug */,
				7917226821937F4E00EAC698 /* Release */,
			);
			defaultConfigurationIsVisible = 0;
			defaultConfigurationName = Release;
		};
		7917226921937F4E00EAC698 /* Build configuration list for PBXNativeTarget "TheBank" */ = {
			isa = XCConfigurationList;
			buildConfigurations = (
				7917226A21937F4E00EAC698 /* Debug */,
				7917226B21937F4E00EAC698 /* Release */,
			);
			defaultConfigurationIsVisible = 0;
			defaultConfigurationName = Release;
		};
		7917226C21937F4E00EAC698 /* Build configuration list for PBXNativeTarget "TheBankTests" */ = {
			isa = XCConfigurationList;
			buildConfigurations = (
				7917226D21937F4E00EAC698 /* Debug */,
				7917226E21937F4E00EAC698 /* Release */,
			);
			defaultConfigurationIsVisible = 0;
			defaultConfigurationName = Release;
		};
/* End XCConfigurationList section */
	};
	rootObject = 7917223D21937F4B00EAC698 /* Project object */;
}
